
Microsoft Visual Studio Solution File, Format Version 12.00
# Visual Studio Version 16
VisualStudioVersion = 16.0.29230.47
MinimumVisualStudioVersion = 10.0.40219.1
Project("{FAE04EC0-301F-11D3-BF4B-00C04F79EFBC}") = "List", "List\List.csproj", "{67310DAB-7ED7-4731-BC34-876C556CAE4E}"
EndProject
Global
	GlobalSection(SolutionConfigurationPlatforms) = preSolution
		Debug|Any CPU = Debug|Any CPU
		Release|Any CPU = Release|Any CPU
	EndGlobalSection
	GlobalSection(ProjectConfigurationPlatforms) = postSolution
		{67310DAB-7ED7-4731-BC34-876C556CAE4E}.Debug|Any CPU.ActiveCfg = Debug|Any CPU
		{67310DAB-7ED7-4731-BC34-876C556CAE4E}.Debug|Any CPU.Build.0 = Debug|Any CPU
		{67310DAB-7ED7-4731-BC34-876C556CAE4E}.Release|Any CPU.ActiveCfg = Release|Any CPU
		{67310DAB-7ED7-4731-BC34-876C556CAE4E}.Release|Any CPU.Build.0 = Release|Any CPU
	EndGlobalSection
	GlobalSection(SolutionProperties) = preSolution
		HideSolutionNode = FALSE
	EndGlobalSection
	GlobalSection(ExtensibilityGlobals) = postSolution
		SolutionGuid = {9B68AD3C-D53C-4EB2-8350-EFF8A6F85B81}
	EndGlobalSection
EndGlobal
